
Microsoft Visual Studio Solution File, Format Version 12.00
# Visual Studio Version 17
VisualStudioVersion = 17.2.32516.85
MinimumVisualStudioVersion = 10.0.40219.1
Project("{FAE04EC0-301F-11D3-BF4B-00C04F79EFBC}") = "2iyun", "2iyun\2iyun.csproj", "{A9B96AAE-1FD6-4919-9944-9ACA2B0C8495}"
EndProject
Global
	GlobalSection(SolutionConfigurationPlatforms) = preSolution
		Debug|Any CPU = Debug|Any CPU
		Release|Any CPU = Release|Any CPU
	EndGlobalSection
	GlobalSection(ProjectConfigurationPlatforms) = postSolution
		{A9B96AAE-1FD6-4919-9944-9ACA2B0C8495}.Debug|Any CPU.ActiveCfg = Debug|Any CPU
		{A9B96AAE-1FD6-4919-9944-9ACA2B0C8495}.Debug|Any CPU.Build.0 = Debug|Any CPU
		{A9B96AAE-1FD6-4919-9944-9ACA2B0C8495}.Release|Any CPU.ActiveCfg = Release|Any CPU
		{A9B96AAE-1FD6-4919-9944-9ACA2B0C8495}.Release|Any CPU.Build.0 = Release|Any CPU
	EndGlobalSection
	GlobalSection(SolutionProperties) = preSolution
		HideSolutionNode = FALSE
	EndGlobalSection
	GlobalSection(ExtensibilityGlobals) = postSolution
		SolutionGuid = {CB8186C7-4F3A-4C69-971D-01C840DD3D1F}
	EndGlobalSection
EndGlobal
